
Microsoft Visual Studio Solution File, Format Version 12.00
# Visual Studio Version 17
VisualStudioVersion = 17.8.34316.72
MinimumVisualStudioVersion = 10.0.40219.1
Project("{9A19103F-16F7-4668-BE54-9A1E7A4F7556}") = "BlazorTest", "BlazorTest\BlazorTest.csproj", "{545D84B0-7634-48F7-B74F-E662CE24467F}"
EndProject
Global
	GlobalSection(SolutionConfigurationPlatforms) = preSolution
		Debug|Any CPU = Debug|Any CPU
		Release|Any CPU = Release|Any CPU
	EndGlobalSection
	GlobalSection(ProjectConfigurationPlatforms) = postSolution
		{545D84B0-7634-48F7-B74F-E662CE24467F}.Debug|Any CPU.ActiveCfg = Debug|Any CPU
		{545D84B0-7634-48F7-B74F-E662CE24467F}.Debug|Any CPU.Build.0 = Debug|Any CPU
		{545D84B0-7634-48F7-B74F-E662CE24467F}.Release|Any CPU.ActiveCfg = Release|Any CPU
		{545D84B0-7634-48F7-B74F-E662CE24467F}.Release|Any CPU.Build.0 = Release|Any CPU
	EndGlobalSection
	GlobalSection(SolutionProperties) = preSolution
		HideSolutionNode = FALSE
	EndGlobalSection
	GlobalSection(ExtensibilityGlobals) = postSolution
		SolutionGuid = {6434B3A4-B0D5-44EF-A513-9C1823CE2030}
	EndGlobalSection
EndGlobal
